
Microsoft Visual Studio Solution File, Format Version 12.00
# Visual Studio Version 16
VisualStudioVersion = 16.0.32929.386
MinimumVisualStudioVersion = 10.0.40219.1
Project("{FAE04EC0-301F-11D3-BF4B-00C04F79EFBC}") = "ders8.1", "ders8.1\ders8.1.csproj", "{248D72FF-3285-4B3B-9DA9-29BC9B72A1B0}"
EndProject
Global
	GlobalSection(SolutionConfigurationPlatforms) = preSolution
		Debug|Any CPU = Debug|Any CPU
		Release|Any CPU = Release|Any CPU
	EndGlobalSection
	GlobalSection(ProjectConfigurationPlatforms) = postSolution
		{248D72FF-3285-4B3B-9DA9-29BC9B72A1B0}.Debug|Any CPU.ActiveCfg = Debug|Any CPU
		{248D72FF-3285-4B3B-9DA9-29BC9B72A1B0}.Debug|Any CPU.Build.0 = Debug|Any CPU
		{248D72FF-3285-4B3B-9DA9-29BC9B72A1B0}.Release|Any CPU.ActiveCfg = Release|Any CPU
		{248D72FF-3285-4B3B-9DA9-29BC9B72A1B0}.Release|Any CPU.Build.0 = Release|Any CPU
	EndGlobalSection
	GlobalSection(SolutionProperties) = preSolution
		HideSolutionNode = FALSE
	EndGlobalSection
	GlobalSection(ExtensibilityGlobals) = postSolution
		SolutionGuid = {87D7C33C-D0E7-4FC3-BA08-40224D96D90E}
	EndGlobalSection
EndGlobal
